
Microsoft Visual Studio Solution File, Format Version 12.00
# Visual Studio 14
VisualStudioVersion = 14.0.25420.1
MinimumVisualStudioVersion = 10.0.40219.1
Project("{FAE04EC0-301F-11D3-BF4B-00C04F79EFBC}") = "OnlineShop", "OnlineShop\OnlineShop.csproj", "{E3322EAD-5254-489A-8B5B-1ACAA30756F2}"
EndProject
Project("{FAE04EC0-301F-11D3-BF4B-00C04F79EFBC}") = "OnlineShop_Data", "OnlineShop_Data\OnlineShop_Data.csproj", "{BA92FE80-FD42-4205-9D03-498E1D892AED}"
EndProject
Global
	GlobalSection(SolutionConfigurationPlatforms) = preSolution
		Debug|Any CPU = Debug|Any CPU
		Release|Any CPU = Release|Any CPU
	EndGlobalSection
	GlobalSection(ProjectConfigurationPlatforms) = postSolution
		{E3322EAD-5254-489A-8B5B-1ACAA30756F2}.Debug|Any CPU.ActiveCfg = Debug|Any CPU
		{E3322EAD-5254-489A-8B5B-1ACAA30756F2}.Debug|Any CPU.Build.0 = Debug|Any CPU
		{E3322EAD-5254-489A-8B5B-1ACAA30756F2}.Release|Any CPU.ActiveCfg = Release|Any CPU
		{E3322EAD-5254-489A-8B5B-1ACAA30756F2}.Release|Any CPU.Build.0 = Release|Any CPU
		{BA92FE80-FD42-4205-9D03-498E1D892AED}.Debug|Any CPU.ActiveCfg = Debug|Any CPU
		{BA92FE80-FD42-4205-9D03-498E1D892AED}.Debug|Any CPU.Build.0 = Debug|Any CPU
		{BA92FE80-FD42-4205-9D03-498E1D892AED}.Release|Any CPU.ActiveCfg = Release|Any CPU
		{BA92FE80-FD42-4205-9D03-498E1D892AED}.Release|Any CPU.Build.0 = Release|Any CPU
	EndGlobalSection
	GlobalSection(SolutionProperties) = preSolution
		HideSolutionNode = FALSE
	EndGlobalSection
EndGlobal
